
Microsoft Visual Studio Solution File, Format Version 12.00
# Visual Studio Version 16
VisualStudioVersion = 16.0.29102.190
MinimumVisualStudioVersion = 10.0.40219.1
Project("{9A19103F-16F7-4668-BE54-9A1E7A4F7556}") = "identity", "identity.csproj", "{404C1A3F-2842-4A30-875C-83CEDF99E4AB}"
EndProject
Global
	GlobalSection(SolutionConfigurationPlatforms) = preSolution
		Debug|Any CPU = Debug|Any CPU
		Release|Any CPU = Release|Any CPU
	EndGlobalSection
	GlobalSection(ProjectConfigurationPlatforms) = postSolution
		{404C1A3F-2842-4A30-875C-83CEDF99E4AB}.Debug|Any CPU.ActiveCfg = Debug|Any CPU
		{404C1A3F-2842-4A30-875C-83CEDF99E4AB}.Debug|Any CPU.Build.0 = Debug|Any CPU
		{404C1A3F-2842-4A30-875C-83CEDF99E4AB}.Release|Any CPU.ActiveCfg = Release|Any CPU
		{404C1A3F-2842-4A30-875C-83CEDF99E4AB}.Release|Any CPU.Build.0 = Release|Any CPU
	EndGlobalSection
	GlobalSection(SolutionProperties) = preSolution
		HideSolutionNode = FALSE
	EndGlobalSection
	GlobalSection(ExtensibilityGlobals) = postSolution
		SolutionGuid = {ADEA82EC-A81C-42BF-BDB4-A31158F11D8C}
	EndGlobalSection
EndGlobal
